
Microsoft Visual Studio Solution File, Format Version 12.00
# Visual Studio Version 16
VisualStudioVersion = 16.0.29509.3
MinimumVisualStudioVersion = 10.0.40219.1
Project("{FAE04EC0-301F-11D3-BF4B-00C04F79EFBC}") = "BackGroundWorker", "ConsoleApp1\BackGroundWorker.csproj", "{09719578-B17E-4850-9A49-CDD321EFAD3E}"
EndProject
Global
	GlobalSection(SolutionConfigurationPlatforms) = preSolution
		Debug|Any CPU = Debug|Any CPU
		Release|Any CPU = Release|Any CPU
	EndGlobalSection
	GlobalSection(ProjectConfigurationPlatforms) = postSolution
		{09719578-B17E-4850-9A49-CDD321EFAD3E}.Debug|Any CPU.ActiveCfg = Debug|Any CPU
		{09719578-B17E-4850-9A49-CDD321EFAD3E}.Debug|Any CPU.Build.0 = Debug|Any CPU
		{09719578-B17E-4850-9A49-CDD321EFAD3E}.Release|Any CPU.ActiveCfg = Release|Any CPU
		{09719578-B17E-4850-9A49-CDD321EFAD3E}.Release|Any CPU.Build.0 = Release|Any CPU
	EndGlobalSection
	GlobalSection(SolutionProperties) = preSolution
		HideSolutionNode = FALSE
	EndGlobalSection
	GlobalSection(ExtensibilityGlobals) = postSolution
		SolutionGuid = {4D036559-8616-45AC-BC41-84D2AD6F7ECC}
	EndGlobalSection
EndGlobal
